
Microsoft Visual Studio Solution File, Format Version 12.00
# Visual Studio Version 17
VisualStudioVersion = 17.14.36915.13 d17.14
MinimumVisualStudioVersion = 10.0.40219.1
Project("{FAE04EC0-301F-11D3-BF4B-00C04F79EFBC}") = "Lab_23", "Lab_23\Lab_23.csproj", "{09A51B4B-1B16-4A72-9510-ED72A9FE1530}"
EndProject
Global
	GlobalSection(SolutionConfigurationPlatforms) = preSolution
		Debug|Any CPU = Debug|Any CPU
		Release|Any CPU = Release|Any CPU
	EndGlobalSection
	GlobalSection(ProjectConfigurationPlatforms) = postSolution
		{09A51B4B-1B16-4A72-9510-ED72A9FE1530}.Debug|Any CPU.ActiveCfg = Debug|Any CPU
		{09A51B4B-1B16-4A72-9510-ED72A9FE1530}.Debug|Any CPU.Build.0 = Debug|Any CPU
		{09A51B4B-1B16-4A72-9510-ED72A9FE1530}.Release|Any CPU.ActiveCfg = Release|Any CPU
		{09A51B4B-1B16-4A72-9510-ED72A9FE1530}.Release|Any CPU.Build.0 = Release|Any CPU
	EndGlobalSection
	GlobalSection(SolutionProperties) = preSolution
		HideSolutionNode = FALSE
	EndGlobalSection
	GlobalSection(ExtensibilityGlobals) = postSolution
		SolutionGuid = {8E4F4734-135C-48FE-BF81-0166AFFB050D}
	EndGlobalSection
EndGlobal
