
Microsoft Visual Studio Solution File, Format Version 12.00
# Visual Studio Version 17
VisualStudioVersion = 17.14.36915.13
MinimumVisualStudioVersion = 10.0.40219.1
Project("{FAE04EC0-301F-11D3-BF4B-00C04F79EFBC}") = "Lab_30", "Lab_30\Lab_30.csproj", "{C61FCD7F-10E3-44CB-9013-D0C0487C289B}"
EndProject
Project("{FAE04EC0-301F-11D3-BF4B-00C04F79EFBC}") = "ClassLibrary1", "ClassLibrary1\ClassLibrary1.csproj", "{05AD89CC-7EA0-4494-8CD8-8C852475BA9D}"
EndProject
Project("{FAE04EC0-301F-11D3-BF4B-00C04F79EFBC}") = "Lab30.Tests", "TestProject1\Lab30.Tests.csproj", "{F0D1B7B8-81E0-4B22-BCDB-68B6F65B5547}"
EndProject
Project("{2150E333-8FDC-42A3-9474-1A3956D46DE8}") = "Solution Items", "Solution Items", "{8EC462FD-D22E-90A8-E5CE-7E832BA40C5D}"
	ProjectSection(SolutionItems) = preProject
		image.pmg = image.pmg
		README.md = README.md
	EndProjectSection
EndProject
Global
	GlobalSection(SolutionConfigurationPlatforms) = preSolution
		Debug|Any CPU = Debug|Any CPU
		Release|Any CPU = Release|Any CPU
	EndGlobalSection
	GlobalSection(ProjectConfigurationPlatforms) = postSolution
		{C61FCD7F-10E3-44CB-9013-D0C0487C289B}.Debug|Any CPU.ActiveCfg = Debug|Any CPU
		{C61FCD7F-10E3-44CB-9013-D0C0487C289B}.Debug|Any CPU.Build.0 = Debug|Any CPU
		{C61FCD7F-10E3-44CB-9013-D0C0487C289B}.Release|Any CPU.ActiveCfg = Release|Any CPU
		{C61FCD7F-10E3-44CB-9013-D0C0487C289B}.Release|Any CPU.Build.0 = Release|Any CPU
		{05AD89CC-7EA0-4494-8CD8-8C852475BA9D}.Debug|Any CPU.ActiveCfg = Debug|Any CPU
		{05AD89CC-7EA0-4494-8CD8-8C852475BA9D}.Debug|Any CPU.Build.0 = Debug|Any CPU
		{05AD89CC-7EA0-4494-8CD8-8C852475BA9D}.Release|Any CPU.ActiveCfg = Release|Any CPU
		{05AD89CC-7EA0-4494-8CD8-8C852475BA9D}.Release|Any CPU.Build.0 = Release|Any CPU
		{F0D1B7B8-81E0-4B22-BCDB-68B6F65B5547}.Debug|Any CPU.ActiveCfg = Debug|Any CPU
		{F0D1B7B8-81E0-4B22-BCDB-68B6F65B5547}.Debug|Any CPU.Build.0 = Debug|Any CPU
		{F0D1B7B8-81E0-4B22-BCDB-68B6F65B5547}.Release|Any CPU.ActiveCfg = Release|Any CPU
		{F0D1B7B8-81E0-4B22-BCDB-68B6F65B5547}.Release|Any CPU.Build.0 = Release|Any CPU
	EndGlobalSection
	GlobalSection(SolutionProperties) = preSolution
		HideSolutionNode = FALSE
	EndGlobalSection
	GlobalSection(ExtensibilityGlobals) = postSolution
		SolutionGuid = {36B876FC-E6D8-4D27-AA32-983C04111616}
	EndGlobalSection
EndGlobal
