
Microsoft Visual Studio Solution File, Format Version 12.00
# Visual Studio Version 17
VisualStudioVersion = 17.14.36915.13 d17.14
MinimumVisualStudioVersion = 10.0.40219.1
Project("{FAE04EC0-301F-11D3-BF4B-00C04F79EFBC}") = "Lab_25", "Lab_25\Lab_25.csproj", "{9CD371C9-F203-40C7-B75D-95AC0BB88825}"
EndProject
Global
	GlobalSection(SolutionConfigurationPlatforms) = preSolution
		Debug|Any CPU = Debug|Any CPU
		Release|Any CPU = Release|Any CPU
	EndGlobalSection
	GlobalSection(ProjectConfigurationPlatforms) = postSolution
		{9CD371C9-F203-40C7-B75D-95AC0BB88825}.Debug|Any CPU.ActiveCfg = Debug|Any CPU
		{9CD371C9-F203-40C7-B75D-95AC0BB88825}.Debug|Any CPU.Build.0 = Debug|Any CPU
		{9CD371C9-F203-40C7-B75D-95AC0BB88825}.Release|Any CPU.ActiveCfg = Release|Any CPU
		{9CD371C9-F203-40C7-B75D-95AC0BB88825}.Release|Any CPU.Build.0 = Release|Any CPU
	EndGlobalSection
	GlobalSection(SolutionProperties) = preSolution
		HideSolutionNode = FALSE
	EndGlobalSection
	GlobalSection(ExtensibilityGlobals) = postSolution
		SolutionGuid = {BE1249D4-DBF1-49AE-BE9E-1CB1FAD6B170}
	EndGlobalSection
EndGlobal
