
Microsoft Visual Studio Solution File, Format Version 12.00
# Visual Studio Version 17
VisualStudioVersion = 17.11.35222.181
MinimumVisualStudioVersion = 10.0.40219.1
Project("{FAE04EC0-301F-11D3-BF4B-00C04F79EFBC}") = "Lab_21", "Lab_21\Lab_21.csproj", "{73EC5132-F03D-467F-842C-F1B3448CC507}"
EndProject
Global
	GlobalSection(SolutionConfigurationPlatforms) = preSolution
		Debug|Any CPU = Debug|Any CPU
		Release|Any CPU = Release|Any CPU
	EndGlobalSection
	GlobalSection(ProjectConfigurationPlatforms) = postSolution
		{73EC5132-F03D-467F-842C-F1B3448CC507}.Debug|Any CPU.ActiveCfg = Debug|Any CPU
		{73EC5132-F03D-467F-842C-F1B3448CC507}.Debug|Any CPU.Build.0 = Debug|Any CPU
		{73EC5132-F03D-467F-842C-F1B3448CC507}.Release|Any CPU.ActiveCfg = Release|Any CPU
		{73EC5132-F03D-467F-842C-F1B3448CC507}.Release|Any CPU.Build.0 = Release|Any CPU
	EndGlobalSection
	GlobalSection(SolutionProperties) = preSolution
		HideSolutionNode = FALSE
	EndGlobalSection
	GlobalSection(ExtensibilityGlobals) = postSolution
		SolutionGuid = {99E1334F-C88A-4431-BE20-4FB0D4EE6792}
	EndGlobalSection
EndGlobal
