
Microsoft Visual Studio Solution File, Format Version 12.00
# Visual Studio Version 17
VisualStudioVersion = 17.11.35222.181
MinimumVisualStudioVersion = 10.0.40219.1
Project("{FAE04EC0-301F-11D3-BF4B-00C04F79EFBC}") = "Cam_15", "Cam_15\Cam_15.csproj", "{98C84EFF-C10E-4779-8475-166040C55BEC}"
EndProject
Global
	GlobalSection(SolutionConfigurationPlatforms) = preSolution
		Debug|Any CPU = Debug|Any CPU
		Release|Any CPU = Release|Any CPU
	EndGlobalSection
	GlobalSection(ProjectConfigurationPlatforms) = postSolution
		{98C84EFF-C10E-4779-8475-166040C55BEC}.Debug|Any CPU.ActiveCfg = Debug|Any CPU
		{98C84EFF-C10E-4779-8475-166040C55BEC}.Debug|Any CPU.Build.0 = Debug|Any CPU
		{98C84EFF-C10E-4779-8475-166040C55BEC}.Release|Any CPU.ActiveCfg = Release|Any CPU
		{98C84EFF-C10E-4779-8475-166040C55BEC}.Release|Any CPU.Build.0 = Release|Any CPU
	EndGlobalSection
	GlobalSection(SolutionProperties) = preSolution
		HideSolutionNode = FALSE
	EndGlobalSection
	GlobalSection(ExtensibilityGlobals) = postSolution
		SolutionGuid = {6DC9EF76-EBA5-4F73-BD0D-796D0B5FE8DD}
	EndGlobalSection
EndGlobal
